Microsoft Visual Studio Solution File, Format Version 12.00
# Visual Studio Version 17
VisualStudioVersion = 17.5.2.0
MinimumVisualStudioVersion = 10.0.40219.1
Project("{2150E333-8FDC-42A3-9474-1A3956D46DE8}") = "Apps", "Apps", "{1787FE1D-075E-9E68-7218-25F1BD1BBEAB}"
EndProject
Project("{2150E333-8FDC-42A3-9474-1A3956D46DE8}") = "Backend", "Backend", "{270F7A58-C097-D64B-0343-582534E94D4F}"
EndProject
Project("{FAE04EC0-301F-11D3-BF4B-00C04F79EFBC}") = "IdentityService", "Apps\Backend\IdentityService\IdentityService.csproj", "{2F20EFFB-106E-AC66-D2ED-346B794592EB}"
EndProject
Project("{FAE04EC0-301F-11D3-BF4B-00C04F79EFBC}") = "ApiGateway", "Apps\Backend\ApiGateway\ApiGateway.csproj", "{4858A68C-152A-35C5-6AA1-423E4BBED5D0}"
EndProject
Global
	GlobalSection(SolutionConfigurationPlatforms) = preSolution
		Debug|Any CPU = Debug|Any CPU
		Release|Any CPU = Release|Any CPU
	EndGlobalSection
	GlobalSection(ProjectConfigurationPlatforms) = postSolution
		{2F20EFFB-106E-AC66-D2ED-346B794592EB}.Debug|Any CPU.ActiveCfg = Debug|Any CPU
		{2F20EFFB-106E-AC66-D2ED-346B794592EB}.Debug|Any CPU.Build.0 = Debug|Any CPU
		{2F20EFFB-106E-AC66-D2ED-346B794592EB}.Release|Any CPU.ActiveCfg = Release|Any CPU
		{2F20EFFB-106E-AC66-D2ED-346B794592EB}.Release|Any CPU.Build.0 = Release|Any CPU
		{4858A68C-152A-35C5-6AA1-423E4BBED5D0}.Debug|Any CPU.ActiveCfg = Debug|Any CPU
		{4858A68C-152A-35C5-6AA1-423E4BBED5D0}.Debug|Any CPU.Build.0 = Debug|Any CPU
		{4858A68C-152A-35C5-6AA1-423E4BBED5D0}.Release|Any CPU.ActiveCfg = Release|Any CPU
		{4858A68C-152A-35C5-6AA1-423E4BBED5D0}.Release|Any CPU.Build.0 = Release|Any CPU
	EndGlobalSection
	GlobalSection(SolutionProperties) = preSolution
		HideSolutionNode = FALSE
	EndGlobalSection
	GlobalSection(NestedProjects) = preSolution
		{270F7A58-C097-D64B-0343-582534E94D4F} = {1787FE1D-075E-9E68-7218-25F1BD1BBEAB}
		{2F20EFFB-106E-AC66-D2ED-346B794592EB} = {270F7A58-C097-D64B-0343-582534E94D4F}
		{4858A68C-152A-35C5-6AA1-423E4BBED5D0} = {270F7A58-C097-D64B-0343-582534E94D4F}
	EndGlobalSection
	GlobalSection(ExtensibilityGlobals) = postSolution
		SolutionGuid = {A3F2928B-ED86-4095-BF54-911B96D0CBCB}
	EndGlobalSection
EndGlobal
